// !$*UTF8*$!
{
	archiveVersion = 1;
	classes = {
	};
	objectVersion = 56;
	objects = {

/* Begin PBXBuildFile section */
		A6EFEF6A2ACC6CD700A837E5 /* AppDelegate.swift in Sources */ = {isa = PBXBuildFile; fileRef = A6EFEF692ACC6CD700A837E5 /* AppDelegate.swift */; };
		A6EFEF6C2ACC6CD700A837E5 /* SceneDelegate.swift in Sources */ = {isa = PBXBuildFile; fileRef = A6EFEF6B2ACC6CD700A837E5 /* SceneDelegate.swift */; };
		A6EFEF6E2ACC6CD700A837E5 /* MovieListViewController.swift in Sources */ = {isa = PBXBuildFile; fileRef = A6EFEF6D2ACC6CD700A837E5 /* MovieListViewController.swift */; };
		A6EFEF732ACC6CD800A837E5 /* Assets.xcassets in Resources */ = {isa = PBXBuildFile; fileRef = A6EFEF722ACC6CD800A837E5 /* Assets.xcassets */; };
		A6EFEF762ACC6CD800A837E5 /* LaunchScreen.storyboard in Resources */ = {isa = PBXBuildFile; fileRef = A6EFEF742ACC6CD800A837E5 /* LaunchScreen.storyboard */; };
		A6EFEF7F2ACC7AA700A837E5 /* SnapKit in Frameworks */ = {isa = PBXBuildFile; productRef = A6EFEF7E2ACC7AA700A837E5 /* SnapKit */; };
		A6EFEF8B2ACD513800A837E5 /* spiderman2.png in Resources */ = {isa = PBXBuildFile; fileRef = A6EFEF812ACD513700A837E5 /* spiderman2.png */; };
		A6EFEF8C2ACD513800A837E5 /* guardians.png in Resources */ = {isa = PBXBuildFile; fileRef = A6EFEF822ACD513700A837E5 /* guardians.png */; };
		A6EFEF8D2ACD513800A837E5 /* ironman.png in Resources */ = {isa = PBXBuildFile; fileRef = A6EFEF832ACD513700A837E5 /* ironman.png */; };
		A6EFEF8E2ACD513800A837E5 /* hulk.png in Resources */ = {isa = PBXBuildFile; fileRef = A6EFEF842ACD513700A837E5 /* hulk.png */; };
		A6EFEF8F2ACD513800A837E5 /* doctorstrange.png in Resources */ = {isa = PBXBuildFile; fileRef = A6EFEF852ACD513700A837E5 /* doctorstrange.png */; };
		A6EFEF902ACD513800A837E5 /* captain.png in Resources */ = {isa = PBXBuildFile; fileRef = A6EFEF862ACD513700A837E5 /* captain.png */; };
		A6EFEF912ACD513800A837E5 /* thor.png in Resources */ = {isa = PBXBuildFile; fileRef = A6EFEF872ACD513700A837E5 /* thor.png */; };
		A6EFEF922ACD513800A837E5 /* spiderman.png in Resources */ = {isa = PBXBuildFile; fileRef = A6EFEF882ACD513700A837E5 /* spiderman.png */; };
		A6EFEF932ACD513800A837E5 /* batman.png in Resources */ = {isa = PBXBuildFile; fileRef = A6EFEF892ACD513800A837E5 /* batman.png */; };
		A6EFEF942ACD513800A837E5 /* blackpanther.png in Resources */ = {isa = PBXBuildFile; fileRef = A6EFEF8A2ACD513800A837E5 /* blackpanther.png */; };
		A6EFEF962ACD51D700A837E5 /* MovieTableViewCell.swift in Sources */ = {isa = PBXBuildFile; fileRef = A6EFEF952ACD51D700A837E5 /* MovieTableViewCell.swift */; };
		A6EFEF982ACD740400A837E5 /* MovieInfo.swift in Sources */ = {isa = PBXBuildFile; fileRef = A6EFEF972ACD740400A837E5 /* MovieInfo.swift */; };
		A6EFEF9C2ACD7CF500A837E5 /* MovieDetailViewController.swift in Sources */ = {isa = PBXBuildFile; fileRef = A6EFEF9B2ACD7CF500A837E5 /* MovieDetailViewController.swift */; };
/* End PBXBuildFile section */

/* Begin PBXFileReference section */
		A6EFEF662ACC6CD700A837E5 /* MovieListApp.app */ = {isa = PBXFileReference; explicitFileType = wrapper.application; includeInIndex = 0; path = MovieListApp.app; sourceTree = BUILT_PRODUCTS_DIR; };
		A6EFEF692ACC6CD700A837E5 /* AppDelegate.swift */ = {isa = PBXFileReference; lastKnownFileType = sourcecode.swift; path = AppDelegate.swift; sourceTree = "<group>"; };
		A6EFEF6B2ACC6CD700A837E5 /* SceneDelegate.swift */ = {isa = PBXFileReference; lastKnownFileType = sourcecode.swift; path = SceneDelegate.swift; sourceTree = "<group>"; };
		A6EFEF6D2ACC6CD700A837E5 /* MovieListViewController.swift */ = {isa = PBXFileReference; lastKnownFileType = sourcecode.swift; path = MovieListViewController.swift; sourceTree = "<group>"; };
		A6EFEF722ACC6CD800A837E5 /* Assets.xcassets */ = {isa = PBXFileReference; lastKnownFileType = folder.assetcatalog; path = Assets.xcassets; sourceTree = "<group>"; };
		A6EFEF752ACC6CD800A837E5 /* Base */ = {isa = PBXFileReference; lastKnownFileType = file.storyboard; name = Base; path = Base.lproj/LaunchScreen.storyboard; sourceTree = "<group>"; };
		A6EFEF772ACC6CD800A837E5 /* Info.plist */ = {isa = PBXFileReference; lastKnownFileType = text.plist.xml; path = Info.plist; sourceTree = "<group>"; };
		A6EFEF812ACD513700A837E5 /* spiderman2.png */ = {isa = PBXFileReference; lastKnownFileType = image.png; path = spiderman2.png; sourceTree = "<group>"; };
		A6EFEF822ACD513700A837E5 /* guardians.png */ = {isa = PBXFileReference; lastKnownFileType = image.png; path = guardians.png; sourceTree = "<group>"; };
		A6EFEF832ACD513700A837E5 /* ironman.png */ = {isa = PBXFileReference; lastKnownFileType = image.png; path = ironman.png; sourceTree = "<group>"; };
		A6EFEF842ACD513700A837E5 /* hulk.png */ = {isa = PBXFileReference; lastKnownFileType = image.png; path = hulk.png; sourceTree = "<group>"; };
		A6EFEF852ACD513700A837E5 /* doctorstrange.png */ = {isa = PBXFileReference; lastKnownFileType = image.png; path = doctorstrange.png; sourceTree = "<group>"; };
		A6EFEF862ACD513700A837E5 /* captain.png */ = {isa = PBXFileReference; lastKnownFileType = image.png; path = captain.png; sourceTree = "<group>"; };
		A6EFEF872ACD513700A837E5 /* thor.png */ = {isa = PBXFileReference; lastKnownFileType = image.png; path = thor.png; sourceTree = "<group>"; };
		A6EFEF882ACD513700A837E5 /* spiderman.png */ = {isa = PBXFileReference; lastKnownFileType = image.png; path = spiderman.png; sourceTree = "<group>"; };
		A6EFEF892ACD513800A837E5 /* batman.png */ = {isa = PBXFileReference; lastKnownFileType = image.png; path = batman.png; sourceTree = "<group>"; };
		A6EFEF8A2ACD513800A837E5 /* blackpanther.png */ = {isa = PBXFileReference; lastKnownFileType = image.png; path = blackpanther.png; sourceTree = "<group>"; };
		A6EFEF952ACD51D700A837E5 /* MovieTableViewCell.swift */ = {isa = PBXFileReference; lastKnownFileType = sourcecode.swift; path = MovieTableViewCell.swift; sourceTree = "<group>"; };
		A6EFEF972ACD740400A837E5 /* MovieInfo.swift */ = {isa = PBXFileReference; lastKnownFileType = sourcecode.swift; path = MovieInfo.swift; sourceTree = "<group>"; };
		A6EFEF9B2ACD7CF500A837E5 /* MovieDetailViewController.swift */ = {isa = PBXFileReference; lastKnownFileType = sourcecode.swift; path = MovieDetailViewController.swift; sourceTree = "<group>"; };
/* End PBXFileReference section */

/* Begin PBXFrameworksBuildPhase section */
		A6EFEF632ACC6CD700A837E5 /* Frameworks */ = {
			isa = PBXFrameworksBuildPhase;
			buildActionMask = 2147483647;
			files = (
				A6EFEF7F2ACC7AA700A837E5 /* SnapKit in Frameworks */,
			);
			runOnlyForDeploymentPostprocessing = 0;
		};
/* End PBXFrameworksBuildPhase section */

/* Begin PBXGroup section */
		A6EFEF5D2ACC6CD600A837E5 = {
			isa = PBXGroup;
			children = (
				A6EFEF682ACC6CD700A837E5 /* MovieListApp */,
				A6EFEF672ACC6CD700A837E5 /* Products */,
			);
			sourceTree = "<group>";
		};
		A6EFEF672ACC6CD700A837E5 /* Products */ = {
			isa = PBXGroup;
			children = (
				A6EFEF662ACC6CD700A837E5 /* MovieListApp.app */,
			);
			name = Products;
			sourceTree = "<group>";
		};
		A6EFEF682ACC6CD700A837E5 /* MovieListApp */ = {
			isa = PBXGroup;
			children = (
				A6EFEF802ACD511200A837E5 /* images */,
				A6EFEF692ACC6CD700A837E5 /* AppDelegate.swift */,
				A6EFEF6B2ACC6CD700A837E5 /* SceneDelegate.swift */,
				A6EFEF6D2ACC6CD700A837E5 /* MovieListViewController.swift */,
				A6EFEF952ACD51D700A837E5 /* MovieTableViewCell.swift */,
				A6EFEF972ACD740400A837E5 /* MovieInfo.swift */,
				A6EFEF9B2ACD7CF500A837E5 /* MovieDetailViewController.swift */,
				A6EFEF722ACC6CD800A837E5 /* Assets.xcassets */,
				A6EFEF742ACC6CD800A837E5 /* LaunchScreen.storyboard */,
				A6EFEF772ACC6CD800A837E5 /* Info.plist */,
			);
			path = MovieListApp;
			sourceTree = "<group>";
		};
		A6EFEF802ACD511200A837E5 /* images */ = {
			isa = PBXGroup;
			children = (
				A6EFEF892ACD513800A837E5 /* batman.png */,
				A6EFEF8A2ACD513800A837E5 /* blackpanther.png */,
				A6EFEF862ACD513700A837E5 /* captain.png */,
				A6EFEF852ACD513700A837E5 /* doctorstrange.png */,
				A6EFEF822ACD513700A837E5 /* guardians.png */,
				A6EFEF842ACD513700A837E5 /* hulk.png */,
				A6EFEF832ACD513700A837E5 /* ironman.png */,
				A6EFEF882ACD513700A837E5 /* spiderman.png */,
				A6EFEF812ACD513700A837E5 /* spiderman2.png */,
				A6EFEF872ACD513700A837E5 /* thor.png */,
			);
			path = images;
			sourceTree = "<group>";
		};
/* End PBXGroup section */

/* Begin PBXNativeTarget section */
		A6EFEF652ACC6CD700A837E5 /* MovieListApp */ = {
			isa = PBXNativeTarget;
			buildConfigurationList = A6EFEF7A2ACC6CD800A837E5 /* Build configuration list for PBXNativeTarget "MovieListApp" */;
			buildPhases = (
				A6EFEF622ACC6CD700A837E5 /* Sources */,
				A6EFEF632ACC6CD700A837E5 /* Frameworks */,
				A6EFEF642ACC6CD700A837E5 /* Resources */,
			);
			buildRules = (
			);
			dependencies = (
			);
			name = MovieListApp;
			packageProductDependencies = (
				A6EFEF7E2ACC7AA700A837E5 /* SnapKit */,
			);
			productName = MovieListApp;
			productReference = A6EFEF662ACC6CD700A837E5 /* MovieListApp.app */;
			productType = "com.apple.product-type.application";
		};
/* End PBXNativeTarget section */

/* Begin PBXProject section */
		A6EFEF5E2ACC6CD700A837E5 /* Project object */ = {
			isa = PBXProject;
			attributes = {
				BuildIndependentTargetsInParallel = 1;
				LastSwiftUpdateCheck = 1430;
				LastUpgradeCheck = 1430;
				TargetAttributes = {
					A6EFEF652ACC6CD700A837E5 = {
						CreatedOnToolsVersion = 14.3.1;
					};
				};
			};
			buildConfigurationList = A6EFEF612ACC6CD700A837E5 /* Build configuration list for PBXProject "MovieListApp" */;
			compatibilityVersion = "Xcode 14.0";
			developmentRegion = en;
			hasScannedForEncodings = 0;
			knownRegions = (
				en,
				Base,
			);
			mainGroup = A6EFEF5D2ACC6CD600A837E5;
			packageReferences = (
				A6EFEF7D2ACC7AA700A837E5 /* XCRemoteSwiftPackageReference "SnapKit" */,
			);
			productRefGroup = A6EFEF672ACC6CD700A837E5 /* Products */;
			projectDirPath = "";
			projectRoot = "";
			targets = (
				A6EFEF652ACC6CD700A837E5 /* MovieListApp */,
			);
		};
/* End PBXProject section */

/* Begin PBXResourcesBuildPhase section */
		A6EFEF642ACC6CD700A837E5 /* Resources */ = {
			isa = PBXResourcesBuildPhase;
			buildActionMask = 2147483647;
			files = (
				A6EFEF762ACC6CD800A837E5 /* LaunchScreen.storyboard in Resources */,
				A6EFEF8F2ACD513800A837E5 /* doctorstrange.png in Resources */,
				A6EFEF912ACD513800A837E5 /* thor.png in Resources */,
				A6EFEF922ACD513800A837E5 /* spiderman.png in Resources */,
				A6EFEF932ACD513800A837E5 /* batman.png in Resources */,
				A6EFEF732ACC6CD800A837E5 /* Assets.xcassets in Resources */,
				A6EFEF942ACD513800A837E5 /* blackpanther.png in Resources */,
				A6EFEF8D2ACD513800A837E5 /* ironman.png in Resources */,
				A6EFEF8C2ACD513800A837E5 /* guardians.png in Resources */,
				A6EFEF8B2ACD513800A837E5 /* spiderman2.png in Resources */,
				A6EFEF902ACD513800A837E5 /* captain.png in Resources */,
				A6EFEF8E2ACD513800A837E5 /* hulk.png in Resources */,
			);
			runOnlyForDeploymentPostprocessing = 0;
		};
/* End PBXResourcesBuildPhase section */

/* Begin PBXSourcesBuildPhase section */
		A6EFEF622ACC6CD700A837E5 /* Sources */ = {
			isa = PBXSourcesBuildPhase;
			buildActionMask = 2147483647;
			files = (
				A6EFEF6E2ACC6CD700A837E5 /* MovieListViewController.swift in Sources */,
				A6EFEF982ACD740400A837E5 /* MovieInfo.swift in Sources */,
				A6EFEF6A2ACC6CD700A837E5 /* AppDelegate.swift in Sources */,
				A6EFEF962ACD51D700A837E5 /* MovieTableViewCell.swift in Sources */,
				A6EFEF9C2ACD7CF500A837E5 /* MovieDetailViewController.swift in Sources */,
				A6EFEF6C2ACC6CD700A837E5 /* SceneDelegate.swift in Sources */,
			);
			runOnlyForDeploymentPostprocessing = 0;
		};
/* End PBXSourcesBuildPhase section */

/* Begin PBXVariantGroup section */
		A6EFEF742ACC6CD800A837E5 /* LaunchScreen.storyboard */ = {
			isa = PBXVariantGroup;
			children = (
				A6EFEF752ACC6CD800A837E5 /* Base */,
			);
			name = LaunchScreen.storyboard;
			sourceTree = "<group>";
		};
/* End PBXVariantGroup section */

/* Begin XCBuildConfiguration section */
		A6EFEF782ACC6CD800A837E5 /* Debug */ = {
			isa = XCBuildConfiguration;
			buildSettings = {
				ALWAYS_SEARCH_USER_PATHS = NO;
				CLANG_ANALYZER_NONNULL = YES;
				CLANG_ANALYZER_NUMBER_OBJECT_CONVERSION = YES_AGGRESSIVE;
				CLANG_CXX_LANGUAGE_STANDARD = "gnu++20";
				CLANG_ENABLE_MODULES = YES;
				CLANG_ENABLE_OBJC_ARC = YES;
				CLANG_ENABLE_OBJC_WEAK = YES;
				CLANG_WARN_BLOCK_CAPTURE_AUTORELEASING = YES;
				CLANG_WARN_BOOL_CONVERSION = YES;
				CLANG_WARN_COMMA = YES;
				CLANG_WARN_CONSTANT_CONVERSION = YES;
				CLANG_WARN_DEPRECATED_OBJC_IMPLEMENTATIONS = YES;
				CLANG_WARN_DIRECT_OBJC_ISA_USAGE = YES_ERROR;
				CLANG_WARN_DOCUMENTATION_COMMENTS = YES;
				CLANG_WARN_EMPTY_BODY = YES;
				CLANG_WARN_ENUM_CONVERSION = YES;
				CLANG_WARN_INFINITE_RECURSION = YES;
				CLANG_WARN_INT_CONVERSION = YES;
				CLANG_WARN_NON_LITERAL_NULL_CONVERSION = YES;
				CLANG_WARN_OBJC_IMPLICIT_RETAIN_SELF = YES;
				CLANG_WARN_OBJC_LITERAL_CONVERSION = YES;
				CLANG_WARN_OBJC_ROOT_CLASS = YES_ERROR;
				CLANG_WARN_QUOTED_INCLUDE_IN_FRAMEWORK_HEADER = YES;
				CLANG_WARN_RANGE_LOOP_ANALYSIS = YES;
				CLANG_WARN_STRICT_PROTOTYPES = YES;
				CLANG_WARN_SUSPICIOUS_MOVE = YES;
				CLANG_WARN_UNGUARDED_AVAILABILITY = YES_AGGRESSIVE;
				CLANG_WARN_UNREACHABLE_CODE = YES;
				CLANG_WARN__DUPLICATE_METHOD_MATCH = YES;
				COPY_PHASE_STRIP = NO;
				DEBUG_INFORMATION_FORMAT = dwarf;
				ENABLE_STRICT_OBJC_MSGSEND = YES;
				ENABLE_TESTABILITY = YES;
				GCC_C_LANGUAGE_STANDARD = gnu11;
				GCC_DYNAMIC_NO_PIC = NO;
				GCC_NO_COMMON_BLOCKS = YES;
				GCC_OPTIMIZATION_LEVEL = 0;
				GCC_PREPROCESSOR_DEFINITIONS = (
					"DEBUG=1",
					"$(inherited)",
				);
				GCC_WARN_64_TO_32_BIT_CONVERSION = YES;
				GCC_WARN_ABOUT_RETURN_TYPE = YES_ERROR;
				GCC_WARN_UNDECLARED_SELECTOR = YES;
				GCC_WARN_UNINITIALIZED_AUTOS = YES_AGGRESSIVE;
				GCC_WARN_UNUSED_FUNCTION = YES;
				GCC_WARN_UNUSED_VARIABLE = YES;
				IPHONEOS_DEPLOYMENT_TARGET = 16.4;
				MTL_ENABLE_DEBUG_INFO = INCLUDE_SOURCE;
				MTL_FAST_MATH = YES;
				ONLY_ACTIVE_ARCH = YES;
				SDKROOT = iphoneos;
				SWIFT_ACTIVE_COMPILATION_CONDITIONS = DEBUG;
				SWIFT_OPTIMIZATION_LEVEL = "-Onone";
			};
			name = Debug;
		};
		A6EFEF792ACC6CD800A837E5 /* Release */ = {
			isa = XCBuildConfiguration;
			buildSettings = {
				ALWAYS_SEARCH_USER_PATHS = NO;
				CLANG_ANALYZER_NONNULL = YES;
				CLANG_ANALYZER_NUMBER_OBJECT_CONVERSION = YES_AGGRESSIVE;
				CLANG_CXX_LANGUAGE_STANDARD = "gnu++20";
				CLANG_ENABLE_MODULES = YES;
				CLANG_ENABLE_OBJC_ARC = YES;
				CLANG_ENABLE_OBJC_WEAK = YES;
				CLANG_WARN_BLOCK_CAPTURE_AUTORELEASING = YES;
				CLANG_WARN_BOOL_CONVERSION = YES;
				CLANG_WARN_COMMA = YES;
				CLANG_WARN_CONSTANT_CONVERSION = YES;
				CLANG_WARN_DEPRECATED_OBJC_IMPLEMENTATIONS = YES;
				CLANG_WARN_DIRECT_OBJC_ISA_USAGE = YES_ERROR;
				CLANG_WARN_DOCUMENTATION_COMMENTS = YES;
				CLANG_WARN_EMPTY_BODY = YES;
				CLANG_WARN_ENUM_CONVERSION = YES;
				CLANG_WARN_INFINITE_RECURSION = YES;
				CLANG_WARN_INT_CONVERSION = YES;
				CLANG_WARN_NON_LITERAL_NULL_CONVERSION = YES;
				CLANG_WARN_OBJC_IMPLICIT_RETAIN_SELF = YES;
				CLANG_WARN_OBJC_LITERAL_CONVERSION = YES;
				CLANG_WARN_OBJC_ROOT_CLASS = YES_ERROR;
				CLANG_WARN_QUOTED_INCLUDE_IN_FRAMEWORK_HEADER = YES;
				CLANG_WARN_RANGE_LOOP_ANALYSIS = YES;
				CLANG_WARN_STRICT_PROTOTYPES = YES;
				CLANG_WARN_SUSPICIOUS_MOVE = YES;
				CLANG_WARN_UNGUARDED_AVAILABILITY = YES_AGGRESSIVE;
				CLANG_WARN_UNREACHABLE_CODE = YES;
				CLANG_WARN__DUPLICATE_METHOD_MATCH = YES;
				COPY_PHASE_STRIP = NO;
				DEBUG_INFORMATION_FORMAT = "dwarf-with-dsym";
				ENABLE_NS_ASSERTIONS = NO;
				ENABLE_STRICT_OBJC_MSGSEND = YES;
				GCC_C_LANGUAGE_STANDARD = gnu11;
				GCC_NO_COMMON_BLOCKS = YES;
				GCC_WARN_64_TO_32_BIT_CONVERSION = YES;
				GCC_WARN_ABOUT_RETURN_TYPE = YES_ERROR;
				GCC_WARN_UNDECLARED_SELECTOR = YES;
				GCC_WARN_UNINITIALIZED_AUTOS = YES_AGGRESSIVE;
				GCC_WARN_UNUSED_FUNCTION = YES;
				GCC_WARN_UNUSED_VARIABLE = YES;
				IPHONEOS_DEPLOYMENT_TARGET = 16.4;
				MTL_ENABLE_DEBUG_INFO = NO;
				MTL_FAST_MATH = YES;
				SDKROOT = iphoneos;
				SWIFT_COMPILATION_MODE = wholemodule;
				SWIFT_OPTIMIZATION_LEVEL = "-O";
				VALIDATE_PRODUCT = YES;
			};
			name = Release;
		};
		A6EFEF7B2ACC6CD800A837E5 /* Debug */ = {
			isa = XCBuildConfiguration;
			buildSettings = {
				ASSETCATALOG_COMPILER_APPICON_NAME = AppIcon;
				ASSETCATALOG_COMPILER_GLOBAL_ACCENT_COLOR_NAME = AccentColor;
				CODE_SIGN_STYLE = Automatic;
				CURRENT_PROJECT_VERSION = 1;
				GENERATE_INFOPLIST_FILE = YES;
				INFOPLIST_FILE = MovieListApp/Info.plist;
				INFOPLIST_KEY_UIApplicationSupportsIndirectInputEvents = YES;
				INFOPLIST_KEY_UILaunchStoryboardName = LaunchScreen;
				INFOPLIST_KEY_UISupportedInterfaceOrientations_iPad = "UIInterfaceOrientationPortrait UIInterfaceOrientationPortraitUpsideDown UIInterfaceOrientationLandscapeLeft UIInterfaceOrientationLandscapeRight";
				INFOPLIST_KEY_UISupportedInterfaceOrientations_iPhone = "UIInterfaceOrientationPortrait UIInterfaceOrientationLandscapeLeft UIInterfaceOrientationLandscapeRight";
				LD_RUNPATH_SEARCH_PATHS = (
					"$(inherited)",
					"@executable_path/Frameworks",
				);
				MARKETING_VERSION = 1.0;
				PRODUCT_BUNDLE_IDENTIFIER = com.inuappcenter.MovieListApp;
				PRODUCT_NAME = "$(TARGET_NAME)";
				SWIFT_EMIT_LOC_STRINGS = YES;
				SWIFT_VERSION = 5.0;
				TARGETED_DEVICE_FAMILY = "1,2";
			};
			name = Debug;
		};
		A6EFEF7C2ACC6CD800A837E5 /* Release */ = {
			isa = XCBuildConfiguration;
			buildSettings = {
				ASSETCATALOG_COMPILER_APPICON_NAME = AppIcon;
				ASSETCATALOG_COMPILER_GLOBAL_ACCENT_COLOR_NAME = AccentColor;
				CODE_SIGN_STYLE = Automatic;
				CURRENT_PROJECT_VERSION = 1;
				GENERATE_INFOPLIST_FILE = YES;
				INFOPLIST_FILE = MovieListApp/Info.plist;
				INFOPLIST_KEY_UIApplicationSupportsIndirectInputEvents = YES;
				INFOPLIST_KEY_UILaunchStoryboardName = LaunchScreen;
				INFOPLIST_KEY_UISupportedInterfaceOrientations_iPad = "UIInterfaceOrientationPortrait UIInterfaceOrientationPortraitUpsideDown UIInterfaceOrientationLandscapeLeft UIInterfaceOrientationLandscapeRight";
				INFOPLIST_KEY_UISupportedInterfaceOrientations_iPhone = "UIInterfaceOrientationPortrait UIInterfaceOrientationLandscapeLeft UIInterfaceOrientationLandscapeRight";
				LD_RUNPATH_SEARCH_PATHS = (
					"$(inherited)",
					"@executable_path/Frameworks",
				);
				MARKETING_VERSION = 1.0;
				PRODUCT_BUNDLE_IDENTIFIER = com.inuappcenter.MovieListApp;
				PRODUCT_NAME = "$(TARGET_NAME)";
				SWIFT_EMIT_LOC_STRINGS = YES;
				SWIFT_VERSION = 5.0;
				TARGETED_DEVICE_FAMILY = "1,2";
			};
			name = Release;
		};
/* End XCBuildConfiguration section */

/* Begin XCConfigurationList section */
		A6EFEF612ACC6CD700A837E5 /* Build configuration list for PBXProject "MovieListApp" */ = {
			isa = XCConfigurationList;
			buildConfigurations = (
				A6EFEF782ACC6CD800A837E5 /* Debug */,
				A6EFEF792ACC6CD800A837E5 /* Release */,
			);
			defaultConfigurationIsVisible = 0;
			defaultConfigurationName = Release;
		};
		A6EFEF7A2ACC6CD800A837E5 /* Build configuration list for PBXNativeTarget "MovieListApp" */ = {
			isa = XCConfigurationList;
			buildConfigurations = (
				A6EFEF7B2ACC6CD800A837E5 /* Debug */,
				A6EFEF7C2ACC6CD800A837E5 /* Release */,
			);
			defaultConfigurationIsVisible = 0;
			defaultConfigurationName = Release;
		};
/* End XCConfigurationList section */

/* Begin XCRemoteSwiftPackageReference section */
		A6EFEF7D2ACC7AA700A837E5 /* XCRemoteSwiftPackageReference "SnapKit" */ = {
			isa = XCRemoteSwiftPackageReference;
			repositoryURL = "https://github.com/SnapKit/SnapKit";
			requirement = {
				kind = upToNextMajorVersion;
				minimumVersion = 5.0.0;
			};
		};
/* End XCRemoteSwiftPackageReference section */

/* Begin XCSwiftPackageProductDependency section */
		A6EFEF7E2ACC7AA700A837E5 /* SnapKit */ = {
			isa = XCSwiftPackageProductDependency;
			package = A6EFEF7D2ACC7AA700A837E5 /* XCRemoteSwiftPackageReference "SnapKit" */;
			productName = SnapKit;
		};
/* End XCSwiftPackageProductDependency section */
	};
	rootObject = A6EFEF5E2ACC6CD700A837E5 /* Project object */;
}
